PODS:
  - ACEOAuth2RACManager/AFNetworkActivityLogger (1.1.1):
    - ACEOAuth2RACManager/Core
    - AFOAuth2Manager (~> 3.0)
  - ACEOAuth2RACManager/AFNetworking-RACRetryExtensions (1.1.1):
    - ACEOAuth2RACManager/Core
    - AFOAuth2Manager (~> 3.0)
    - ReactiveObjC (~> 3.0)
  - ACEOAuth2RACManager/CocoaLumberjack (1.1.1):
    - ACEOAuth2RACManager/Core
    - CocoaLumberjack (~> 3.0)
  - ACEOAuth2RACManager/Core (1.1.1):
    - NSURL+QueryDictionary (~> 1.2)
  - AFNetworking/NSURLSession (3.1.0):
    - AFNetworking/Reachability
    - AFNetworking/Security
    - AFNetworking/Serialization
  - AFNetworking/Reachability (3.1.0)
  - AFNetworking/Security (3.1.0)
  - AFNetworking/Serialization (3.1.0)
  - AFOAuth2Manager (3.0.0):
    - AFNetworking/NSURLSession (~> 3.0)
  - CocoaLumberjack (3.2.0):
    - CocoaLumberjack/Default (= 3.2.0)
    - CocoaLumberjack/Extensions (= 3.2.0)
  - CocoaLumberjack/Default (3.2.0)
  - CocoaLumberjack/Extensions (3.2.0):
    - CocoaLumberjack/Default
  - NSURL+QueryDictionary (1.2.0)
  - ReactiveObjC (3.0.0)

DEPENDENCIES:
  - ACEOAuth2RACManager/AFNetworkActivityLogger (from `../`)
  - ACEOAuth2RACManager/AFNetworking-RACRetryExtensions (from `../`)
  - ACEOAuth2RACManager/CocoaLumberjack (from `../`)

EXTERNAL SOURCES:
  ACEOAuth2RACManager:
    :path: "../"

SPEC CHECKSUMS:
  ACEOAuth2RACManager: a38bf38afa0fd5014faf8364815db89bacd911d3
  AFNetworking: 5e0e199f73d8626b11e79750991f5d173d1f8b67
  AFOAuth2Manager: 0566da1be64883e339813d411229fdc9a84dab7c
  CocoaLumberjack: 9b4aed7073d242f29cc2f62068d995faf67f703a
  NSURL+QueryDictionary: bae616404e2adf6409d3d5c02a093cbf44c8a236
  ReactiveObjC: ce79989e8684b9086b5f8d0c74bc7b81a8729c9e

PODFILE CHECKSUM: 416bc7063f58c9d72ecbd51bc6355a19af75ac2d

COCOAPODS: 1.2.0
